// !$*UTF8*$!
{
	archiveVersion = 1;
	classes = {
	};
	objectVersion = 55;
	objects = {

/* Begin PBXBuildFile section */
		0479570A29291BAE004D884F /* ZZSliderItem.swift in Sources */ = {isa = PBXBuildFile; fileRef = 0479570029291BAE004D884F /* ZZSliderItem.swift */; };
		0479570B29291BAE004D884F /* ZZSliderImageView.swift in Sources */ = {isa = PBXBuildFile; fileRef = 0479570129291BAE004D884F /* ZZSliderImageView.swift */; };
		0479570D29291BAE004D884F /* UIView+Autolayout.swift in Sources */ = {isa = PBXBuildFile; fileRef = 0479570329291BAE004D884F /* UIView+Autolayout.swift */; };
		0479570E29291BAE004D884F /* ZZSliderConfigs.swift in Sources */ = {isa = PBXBuildFile; fileRef = 0479570429291BAE004D884F /* ZZSliderConfigs.swift */; };
		0479570F29291BAE004D884F /* ZZImageSlider.swift in Sources */ = {isa = PBXBuildFile; fileRef = 0479570529291BAE004D884F /* ZZImageSlider.swift */; };
		048B01E029261B8F00B29EE4 /* ZZImageSlider.framework in Frameworks */ = {isa = PBXBuildFile; fileRef = 048B01D729261B8F00B29EE4 /* ZZImageSlider.framework */; };
		048B01E529261B8F00B29EE4 /* ZZImageSliderTests.swift in Sources */ = {isa = PBXBuildFile; fileRef = 048B01E429261B8F00B29EE4 /* ZZImageSliderTests.swift */; };
/* End PBXBuildFile section */

/* Begin PBXContainerItemProxy section */
		048B01E129261B8F00B29EE4 /* PBXContainerItemProxy */ = {
			isa = PBXContainerItemProxy;
			containerPortal = 048B01CE29261B8F00B29EE4 /* Project object */;
			proxyType = 1;
			remoteGlobalIDString = 048B01D629261B8F00B29EE4;
			remoteInfo = ZZImageSlider;
		};
/* End PBXContainerItemProxy section */

/* Begin PBXFileReference section */
		0479570029291BAE004D884F /* ZZSliderItem.swift */ = {isa = PBXFileReference; fileEncoding = 4; lastKnownFileType = sourcecode.swift; path = ZZSliderItem.swift; sourceTree = "<group>"; };
		0479570129291BAE004D884F /* ZZSliderImageView.swift */ = {isa = PBXFileReference; fileEncoding = 4; lastKnownFileType = sourcecode.swift; path = ZZSliderImageView.swift; sourceTree = "<group>"; };
		0479570329291BAE004D884F /* UIView+Autolayout.swift */ = {isa = PBXFileReference; fileEncoding = 4; lastKnownFileType = sourcecode.swift; path = "UIView+Autolayout.swift"; sourceTree = "<group>"; };
		0479570429291BAE004D884F /* ZZSliderConfigs.swift */ = {isa = PBXFileReference; fileEncoding = 4; lastKnownFileType = sourcecode.swift; path = ZZSliderConfigs.swift; sourceTree = "<group>"; };
		0479570529291BAE004D884F /* ZZImageSlider.swift */ = {isa = PBXFileReference; fileEncoding = 4; lastKnownFileType = sourcecode.swift; path = ZZImageSlider.swift; sourceTree = "<group>"; };
		048B01D729261B8F00B29EE4 /* ZZImageSlider.framework */ = {isa = PBXFileReference; explicitFileType = wrapper.framework; includeInIndex = 0; path = ZZImageSlider.framework; sourceTree = BUILT_PRODUCTS_DIR; };
		048B01DF29261B8F00B29EE4 /* ZZImageSliderTests.xctest */ = {isa = PBXFileReference; explicitFileType = wrapper.cfbundle; includeInIndex = 0; path = ZZImageSliderTests.xctest; sourceTree = BUILT_PRODUCTS_DIR; };
		048B01E429261B8F00B29EE4 /* ZZImageSliderTests.swift */ = {isa = PBXFileReference; lastKnownFileType = sourcecode.swift; path = ZZImageSliderTests.swift; sourceTree = "<group>"; };
/* End PBXFileReference section */

/* Begin PBXFrameworksBuildPhase section */
		048B01D429261B8F00B29EE4 /* Frameworks */ = {
			isa = PBXFrameworksBuildPhase;
			buildActionMask = 2147483647;
			files = (
			);
			runOnlyForDeploymentPostprocessing = 0;
		};
		048B01DC29261B8F00B29EE4 /* Frameworks */ = {
			isa = PBXFrameworksBuildPhase;
			buildActionMask = 2147483647;
			files = (
				048B01E029261B8F00B29EE4 /* ZZImageSlider.framework in Frameworks */,
			);
			runOnlyForDeploymentPostprocessing = 0;
		};
/* End PBXFrameworksBuildPhase section */

/* Begin PBXGroup section */
		047956FE29291BAE004D884F /* Sources */ = {
			isa = PBXGroup;
			children = (
				047956FF29291BAE004D884F /* Classes */,
				0479571329291DFA004D884F /* Helpers */,
			);
			path = Sources;
			sourceTree = "<group>";
		};
		047956FF29291BAE004D884F /* Classes */ = {
			isa = PBXGroup;
			children = (
				0479570029291BAE004D884F /* ZZSliderItem.swift */,
				0479570129291BAE004D884F /* ZZSliderImageView.swift */,
				0479570429291BAE004D884F /* ZZSliderConfigs.swift */,
				0479570529291BAE004D884F /* ZZImageSlider.swift */,
			);
			path = Classes;
			sourceTree = "<group>";
		};
		0479571329291DFA004D884F /* Helpers */ = {
			isa = PBXGroup;
			children = (
				0479570329291BAE004D884F /* UIView+Autolayout.swift */,
			);
			path = Helpers;
			sourceTree = "<group>";
		};
		048B01CD29261B8F00B29EE4 = {
			isa = PBXGroup;
			children = (
				047956FE29291BAE004D884F /* Sources */,
				048B01E329261B8F00B29EE4 /* Tests */,
				048B01D829261B8F00B29EE4 /* Products */,
			);
			sourceTree = "<group>";
		};
		048B01D829261B8F00B29EE4 /* Products */ = {
			isa = PBXGroup;
			children = (
				048B01D729261B8F00B29EE4 /* ZZImageSlider.framework */,
				048B01DF29261B8F00B29EE4 /* ZZImageSliderTests.xctest */,
			);
			name = Products;
			sourceTree = "<group>";
		};
		048B01E329261B8F00B29EE4 /* Tests */ = {
			isa = PBXGroup;
			children = (
				048B01E429261B8F00B29EE4 /* ZZImageSliderTests.swift */,
			);
			path = Tests;
			sourceTree = "<group>";
		};
/* End PBXGroup section */

/* Begin PBXHeadersBuildPhase section */
		048B01D229261B8F00B29EE4 /* Headers */ = {
			isa = PBXHeadersBuildPhase;
			buildActionMask = 2147483647;
			files = (
			);
			runOnlyForDeploymentPostprocessing = 0;
		};
/* End PBXHeadersBuildPhase section */

/* Begin PBXNativeTarget section */
		048B01D629261B8F00B29EE4 /* ZZImageSlider */ = {
			isa = PBXNativeTarget;
			buildConfigurationList = 048B01E929261B8F00B29EE4 /* Build configuration list for PBXNativeTarget "ZZImageSlider" */;
			buildPhases = (
				048B01D229261B8F00B29EE4 /* Headers */,
				048B01D329261B8F00B29EE4 /* Sources */,
				048B01D429261B8F00B29EE4 /* Frameworks */,
				048B01D529261B8F00B29EE4 /* Resources */,
			);
			buildRules = (
			);
			dependencies = (
			);
			name = ZZImageSlider;
			productName = ZZImageSlider;
			productReference = 048B01D729261B8F00B29EE4 /* ZZImageSlider.framework */;
			productType = "com.apple.product-type.framework";
		};
		048B01DE29261B8F00B29EE4 /* ZZImageSliderTests */ = {
			isa = PBXNativeTarget;
			buildConfigurationList = 048B01EC29261B8F00B29EE4 /* Build configuration list for PBXNativeTarget "ZZImageSliderTests" */;
			buildPhases = (
				048B01DB29261B8F00B29EE4 /* Sources */,
				048B01DC29261B8F00B29EE4 /* Frameworks */,
				048B01DD29261B8F00B29EE4 /* Resources */,
			);
			buildRules = (
			);
			dependencies = (
				048B01E229261B8F00B29EE4 /* PBXTargetDependency */,
			);
			name = ZZImageSliderTests;
			productName = ZZImageSliderTests;
			productReference = 048B01DF29261B8F00B29EE4 /* ZZImageSliderTests.xctest */;
			productType = "com.apple.product-type.bundle.unit-test";
		};
/* End PBXNativeTarget section */

/* Begin PBXProject section */
		048B01CE29261B8F00B29EE4 /* Project object */ = {
			isa = PBXProject;
			attributes = {
				BuildIndependentTargetsInParallel = 1;
				LastSwiftUpdateCheck = 1340;
				LastUpgradeCheck = 1340;
				TargetAttributes = {
					048B01D629261B8F00B29EE4 = {
						CreatedOnToolsVersion = 13.4.1;
					};
					048B01DE29261B8F00B29EE4 = {
						CreatedOnToolsVersion = 13.4.1;
					};
				};
			};
			buildConfigurationList = 048B01D129261B8F00B29EE4 /* Build configuration list for PBXProject "ZZImageSlider" */;
			compatibilityVersion = "Xcode 13.0";
			developmentRegion = en;
			hasScannedForEncodings = 0;
			knownRegions = (
				en,
				Base,
			);
			mainGroup = 048B01CD29261B8F00B29EE4;
			productRefGroup = 048B01D829261B8F00B29EE4 /* Products */;
			projectDirPath = "";
			projectRoot = "";
			targets = (
				048B01D629261B8F00B29EE4 /* ZZImageSlider */,
				048B01DE29261B8F00B29EE4 /* ZZImageSliderTests */,
			);
		};
/* End PBXProject section */

/* Begin PBXResourcesBuildPhase section */
		048B01D529261B8F00B29EE4 /* Resources */ = {
			isa = PBXResourcesBuildPhase;
			buildActionMask = 2147483647;
			files = (
			);
			runOnlyForDeploymentPostprocessing = 0;
		};
		048B01DD29261B8F00B29EE4 /* Resources */ = {
			isa = PBXResourcesBuildPhase;
			buildActionMask = 2147483647;
			files = (
			);
			runOnlyForDeploymentPostprocessing = 0;
		};
/* End PBXResourcesBuildPhase section */

/* Begin PBXSourcesBuildPhase section */
		048B01D329261B8F00B29EE4 /* Sources */ = {
			isa = PBXSourcesBuildPhase;
			buildActionMask = 2147483647;
			files = (
				0479570E29291BAE004D884F /* ZZSliderConfigs.swift in Sources */,
				0479570A29291BAE004D884F /* ZZSliderItem.swift in Sources */,
				0479570D29291BAE004D884F /* UIView+Autolayout.swift in Sources */,
				0479570F29291BAE004D884F /* ZZImageSlider.swift in Sources */,
				0479570B29291BAE004D884F /* ZZSliderImageView.swift in Sources */,
			);
			runOnlyForDeploymentPostprocessing = 0;
		};
		048B01DB29261B8F00B29EE4 /* Sources */ = {
			isa = PBXSourcesBuildPhase;
			buildActionMask = 2147483647;
			files = (
				048B01E529261B8F00B29EE4 /* ZZImageSliderTests.swift in Sources */,
			);
			runOnlyForDeploymentPostprocessing = 0;
		};
/* End PBXSourcesBuildPhase section */

/* Begin PBXTargetDependency section */
		048B01E229261B8F00B29EE4 /* PBXTargetDependency */ = {
			isa = PBXTargetDependency;
			target = 048B01D629261B8F00B29EE4 /* ZZImageSlider */;
			targetProxy = 048B01E129261B8F00B29EE4 /* PBXContainerItemProxy */;
		};
/* End PBXTargetDependency section */

/* Begin XCBuildConfiguration section */
		048B01E729261B8F00B29EE4 /* Debug */ = {
			isa = XCBuildConfiguration;
			buildSettings = {
				ALWAYS_SEARCH_USER_PATHS = NO;
				CLANG_ANALYZER_NONNULL = YES;
				CLANG_ANALYZER_NUMBER_OBJECT_CONVERSION = YES_AGGRESSIVE;
				CLANG_CXX_LANGUAGE_STANDARD = "gnu++17";
				CLANG_ENABLE_MODULES = YES;
				CLANG_ENABLE_OBJC_ARC = YES;
				CLANG_ENABLE_OBJC_WEAK = YES;
				CLANG_WARN_BLOCK_CAPTURE_AUTORELEASING = YES;
				CLANG_WARN_BOOL_CONVERSION = YES;
				CLANG_WARN_COMMA = YES;
				CLANG_WARN_CONSTANT_CONVERSION = YES;
				CLANG_WARN_DEPRECATED_OBJC_IMPLEMENTATIONS = YES;
				CLANG_WARN_DIRECT_OBJC_ISA_USAGE = YES_ERROR;
				CLANG_WARN_DOCUMENTATION_COMMENTS = YES;
				CLANG_WARN_EMPTY_BODY = YES;
				CLANG_WARN_ENUM_CONVERSION = YES;
				CLANG_WARN_INFINITE_RECURSION = YES;
				CLANG_WARN_INT_CONVERSION = YES;
				CLANG_WARN_NON_LITERAL_NULL_CONVERSION = YES;
				CLANG_WARN_OBJC_IMPLICIT_RETAIN_SELF = YES;
				CLANG_WARN_OBJC_LITERAL_CONVERSION = YES;
				CLANG_WARN_OBJC_ROOT_CLASS = YES_ERROR;
				CLANG_WARN_QUOTED_INCLUDE_IN_FRAMEWORK_HEADER = YES;
				CLANG_WARN_RANGE_LOOP_ANALYSIS = YES;
				CLANG_WARN_STRICT_PROTOTYPES = YES;
				CLANG_WARN_SUSPICIOUS_MOVE = YES;
				CLANG_WARN_UNGUARDED_AVAILABILITY = YES_AGGRESSIVE;
				CLANG_WARN_UNREACHABLE_CODE = YES;
				CLANG_WARN__DUPLICATE_METHOD_MATCH = YES;
				COPY_PHASE_STRIP = NO;
				CURRENT_PROJECT_VERSION = 1;
				DEBUG_INFORMATION_FORMAT = dwarf;
				ENABLE_STRICT_OBJC_MSGSEND = YES;
				ENABLE_TESTABILITY = YES;
				GCC_C_LANGUAGE_STANDARD = gnu11;
				GCC_DYNAMIC_NO_PIC = NO;
				GCC_NO_COMMON_BLOCKS = YES;
				GCC_OPTIMIZATION_LEVEL = 0;
				GCC_PREPROCESSOR_DEFINITIONS = (
					"DEBUG=1",
					"$(inherited)",
				);
				GCC_WARN_64_TO_32_BIT_CONVERSION = YES;
				GCC_WARN_ABOUT_RETURN_TYPE = YES_ERROR;
				GCC_WARN_UNDECLARED_SELECTOR = YES;
				GCC_WARN_UNINITIALIZED_AUTOS = YES_AGGRESSIVE;
				GCC_WARN_UNUSED_FUNCTION = YES;
				GCC_WARN_UNUSED_VARIABLE = YES;
				IPHONEOS_DEPLOYMENT_TARGET = 15.5;
				MTL_ENABLE_DEBUG_INFO = INCLUDE_SOURCE;
				MTL_FAST_MATH = YES;
				ONLY_ACTIVE_ARCH = YES;
				SDKROOT = iphoneos;
				SWIFT_ACTIVE_COMPILATION_CONDITIONS = DEBUG;
				SWIFT_OPTIMIZATION_LEVEL = "-Onone";
				VERSIONING_SYSTEM = "apple-generic";
				VERSION_INFO_PREFIX = "";
			};
			name = Debug;
		};
		048B01E829261B8F00B29EE4 /* Release */ = {
			isa = XCBuildConfiguration;
			buildSettings = {
				ALWAYS_SEARCH_USER_PATHS = NO;
				CLANG_ANALYZER_NONNULL = YES;
				CLANG_ANALYZER_NUMBER_OBJECT_CONVERSION = YES_AGGRESSIVE;
				CLANG_CXX_LANGUAGE_STANDARD = "gnu++17";
				CLANG_ENABLE_MODULES = YES;
				CLANG_ENABLE_OBJC_ARC = YES;
				CLANG_ENABLE_OBJC_WEAK = YES;
				CLANG_WARN_BLOCK_CAPTURE_AUTORELEASING = YES;
				CLANG_WARN_BOOL_CONVERSION = YES;
				CLANG_WARN_COMMA = YES;
				CLANG_WARN_CONSTANT_CONVERSION = YES;
				CLANG_WARN_DEPRECATED_OBJC_IMPLEMENTATIONS = YES;
				CLANG_WARN_DIRECT_OBJC_ISA_USAGE = YES_ERROR;
				CLANG_WARN_DOCUMENTATION_COMMENTS = YES;
				CLANG_WARN_EMPTY_BODY = YES;
				CLANG_WARN_ENUM_CONVERSION = YES;
				CLANG_WARN_INFINITE_RECURSION = YES;
				CLANG_WARN_INT_CONVERSION = YES;
				CLANG_WARN_NON_LITERAL_NULL_CONVERSION = YES;
				CLANG_WARN_OBJC_IMPLICIT_RETAIN_SELF = YES;
				CLANG_WARN_OBJC_LITERAL_CONVERSION = YES;
				CLANG_WARN_OBJC_ROOT_CLASS = YES_ERROR;
				CLANG_WARN_QUOTED_INCLUDE_IN_FRAMEWORK_HEADER = YES;
				CLANG_WARN_RANGE_LOOP_ANALYSIS = YES;
				CLANG_WARN_STRICT_PROTOTYPES = YES;
				CLANG_WARN_SUSPICIOUS_MOVE = YES;
				CLANG_WARN_UNGUARDED_AVAILABILITY = YES_AGGRESSIVE;
				CLANG_WARN_UNREACHABLE_CODE = YES;
				CLANG_WARN__DUPLICATE_METHOD_MATCH = YES;
				COPY_PHASE_STRIP = NO;
				CURRENT_PROJECT_VERSION = 1;
				DEBUG_INFORMATION_FORMAT = "dwarf-with-dsym";
				ENABLE_NS_ASSERTIONS = NO;
				ENABLE_STRICT_OBJC_MSGSEND = YES;
				GCC_C_LANGUAGE_STANDARD = gnu11;
				GCC_NO_COMMON_BLOCKS = YES;
				GCC_WARN_64_TO_32_BIT_CONVERSION = YES;
				GCC_WARN_ABOUT_RETURN_TYPE = YES_ERROR;
				GCC_WARN_UNDECLARED_SELECTOR = YES;
				GCC_WARN_UNINITIALIZED_AUTOS = YES_AGGRESSIVE;
				GCC_WARN_UNUSED_FUNCTION = YES;
				GCC_WARN_UNUSED_VARIABLE = YES;
				IPHONEOS_DEPLOYMENT_TARGET = 15.5;
				MTL_ENABLE_DEBUG_INFO = NO;
				MTL_FAST_MATH = YES;
				SDKROOT = iphoneos;
				SWIFT_COMPILATION_MODE = wholemodule;
				SWIFT_OPTIMIZATION_LEVEL = "-O";
				VALIDATE_PRODUCT = YES;
				VERSIONING_SYSTEM = "apple-generic";
				VERSION_INFO_PREFIX = "";
			};
			name = Release;
		};
		048B01EA29261B8F00B29EE4 /* Debug */ = {
			isa = XCBuildConfiguration;
			buildSettings = {
				CODE_SIGN_STYLE = Automatic;
				CURRENT_PROJECT_VERSION = 1;
				DEFINES_MODULE = YES;
				DYLIB_COMPATIBILITY_VERSION = 1;
				DYLIB_CURRENT_VERSION = 1;
				DYLIB_INSTALL_NAME_BASE = "@rpath";
				GENERATE_INFOPLIST_FILE = YES;
				INFOPLIST_KEY_NSHumanReadableCopyright = "";
				INSTALL_PATH = "$(LOCAL_LIBRARY_DIR)/Frameworks";
				IPHONEOS_DEPLOYMENT_TARGET = 11.0;
				LD_RUNPATH_SEARCH_PATHS = (
					"$(inherited)",
					"@executable_path/Frameworks",
					"@loader_path/Frameworks",
				);
				MARKETING_VERSION = 1.0;
				PRODUCT_BUNDLE_IDENTIFIER = com.zzmasoud.ZZImageSlider;
				PRODUCT_NAME = "$(TARGET_NAME:c99extidentifier)";
				SKIP_INSTALL = YES;
				SUPPORTS_MACCATALYST = NO;
				SWIFT_EMIT_LOC_STRINGS = YES;
				SWIFT_VERSION = 5.0;
				TARGETED_DEVICE_FAMILY = "1,2";
			};
			name = Debug;
		};
		048B01EB29261B8F00B29EE4 /* Release */ = {
			isa = XCBuildConfiguration;
			buildSettings = {
				CODE_SIGN_STYLE = Automatic;
				CURRENT_PROJECT_VERSION = 1;
				DEFINES_MODULE = YES;
				DYLIB_COMPATIBILITY_VERSION = 1;
				DYLIB_CURRENT_VERSION = 1;
				DYLIB_INSTALL_NAME_BASE = "@rpath";
				GENERATE_INFOPLIST_FILE = YES;
				INFOPLIST_KEY_NSHumanReadableCopyright = "";
				INSTALL_PATH = "$(LOCAL_LIBRARY_DIR)/Frameworks";
				IPHONEOS_DEPLOYMENT_TARGET = 11.0;
				LD_RUNPATH_SEARCH_PATHS = (
					"$(inherited)",
					"@executable_path/Frameworks",
					"@loader_path/Frameworks",
				);
				MARKETING_VERSION = 1.0;
				PRODUCT_BUNDLE_IDENTIFIER = com.zzmasoud.ZZImageSlider;
				PRODUCT_NAME = "$(TARGET_NAME:c99extidentifier)";
				SKIP_INSTALL = YES;
				SUPPORTS_MACCATALYST = NO;
				SWIFT_EMIT_LOC_STRINGS = YES;
				SWIFT_VERSION = 5.0;
				TARGETED_DEVICE_FAMILY = "1,2";
			};
			name = Release;
		};
		048B01ED29261B8F00B29EE4 /* Debug */ = {
			isa = XCBuildConfiguration;
			buildSettings = {
				ALWAYS_EMBED_SWIFT_STANDARD_LIBRARIES = YES;
				CODE_SIGN_STYLE = Automatic;
				CURRENT_PROJECT_VERSION = 1;
				GENERATE_INFOPLIST_FILE = YES;
				MARKETING_VERSION = 1.0;
				PRODUCT_BUNDLE_IDENTIFIER = com.zzmasoud.ZZImageSliderTests;
				PRODUCT_NAME = "$(TARGET_NAME)";
				SWIFT_EMIT_LOC_STRINGS = NO;
				SWIFT_VERSION = 5.0;
				TARGETED_DEVICE_FAMILY = "1,2";
			};
			name = Debug;
		};
		048B01EE29261B8F00B29EE4 /* Release */ = {
			isa = XCBuildConfiguration;
			buildSettings = {
				ALWAYS_EMBED_SWIFT_STANDARD_LIBRARIES = YES;
				CODE_SIGN_STYLE = Automatic;
				CURRENT_PROJECT_VERSION = 1;
				GENERATE_INFOPLIST_FILE = YES;
				MARKETING_VERSION = 1.0;
				PRODUCT_BUNDLE_IDENTIFIER = com.zzmasoud.ZZImageSliderTests;
				PRODUCT_NAME = "$(TARGET_NAME)";
				SWIFT_EMIT_LOC_STRINGS = NO;
				SWIFT_VERSION = 5.0;
				TARGETED_DEVICE_FAMILY = "1,2";
			};
			name = Release;
		};
/* End XCBuildConfiguration section */

/* Begin XCConfigurationList section */
		048B01D129261B8F00B29EE4 /* Build configuration list for PBXProject "ZZImageSlider" */ = {
			isa = XCConfigurationList;
			buildConfigurations = (
				048B01E729261B8F00B29EE4 /* Debug */,
				048B01E829261B8F00B29EE4 /* Release */,
			);
			defaultConfigurationIsVisible = 0;
			defaultConfigurationName = Release;
		};
		048B01E929261B8F00B29EE4 /* Build configuration list for PBXNativeTarget "ZZImageSlider" */ = {
			isa = XCConfigurationList;
			buildConfigurations = (
				048B01EA29261B8F00B29EE4 /* Debug */,
				048B01EB29261B8F00B29EE4 /* Release */,
			);
			defaultConfigurationIsVisible = 0;
			defaultConfigurationName = Release;
		};
		048B01EC29261B8F00B29EE4 /* Build configuration list for PBXNativeTarget "ZZImageSliderTests" */ = {
			isa = XCConfigurationList;
			buildConfigurations = (
				048B01ED29261B8F00B29EE4 /* Debug */,
				048B01EE29261B8F00B29EE4 /* Release */,
			);
			defaultConfigurationIsVisible = 0;
			defaultConfigurationName = Release;
		};
/* End XCConfigurationList section */
	};
	rootObject = 048B01CE29261B8F00B29EE4 /* Project object */;
}
