// !$*UTF8*$!
{
	archiveVersion = 1;
	classes = {
	};
	objectVersion = 51;
	objects = {

/* Begin PBXBuildFile section */
		046C191A257BDC7600D1DD09 /* 2.jpg in Resources */ = {isa = PBXBuildFile; fileRef = 046C1917257BDC7600D1DD09 /* 2.jpg */; };
		046C191B257BDC7600D1DD09 /* 3.jpg in Resources */ = {isa = PBXBuildFile; fileRef = 046C1918257BDC7600D1DD09 /* 3.jpg */; };
		046C191C257BDC7600D1DD09 /* 5.jpg in Resources */ = {isa = PBXBuildFile; fileRef = 046C1919257BDC7600D1DD09 /* 5.jpg */; };
		046C191E257BDFC600D1DD09 /* 1.jpg in Resources */ = {isa = PBXBuildFile; fileRef = 046C191D257BDFC600D1DD09 /* 1.jpg */; };
		046C1920257BDFE500D1DD09 /* 4.jpg in Resources */ = {isa = PBXBuildFile; fileRef = 046C191F257BDFE500D1DD09 /* 4.jpg */; };
		049383B32577D96E003CE013 /* AppDelegate.swift in Sources */ = {isa = PBXBuildFile; fileRef = 049383B22577D96E003CE013 /* AppDelegate.swift */; };
		049383B52577D96E003CE013 /* SceneDelegate.swift in Sources */ = {isa = PBXBuildFile; fileRef = 049383B42577D96E003CE013 /* SceneDelegate.swift */; };
		049383B72577D96E003CE013 /* ViewController.swift in Sources */ = {isa = PBXBuildFile; fileRef = 049383B62577D96E003CE013 /* ViewController.swift */; };
		049383BA2577D96E003CE013 /* Main.storyboard in Resources */ = {isa = PBXBuildFile; fileRef = 049383B82577D96E003CE013 /* Main.storyboard */; };
		049383BC2577D96F003CE013 /* Assets.xcassets in Resources */ = {isa = PBXBuildFile; fileRef = 049383BB2577D96F003CE013 /* Assets.xcassets */; };
		049383BF2577D96F003CE013 /* LaunchScreen.storyboard in Resources */ = {isa = PBXBuildFile; fileRef = 049383BD2577D96F003CE013 /* LaunchScreen.storyboard */; };
		55EF98951E29F3766FFAE869 /* Pods_ZZImageSlider_Example.framework in Frameworks */ = {isa = PBXBuildFile; fileRef = 27CAEEDF908284EBFEC13444 /* Pods_ZZImageSlider_Example.framework */; };
/* End PBXBuildFile section */

/* Begin PBXFileReference section */
		0461AF2D257D3341005737A8 /* ZZImageSlider.framework */ = {isa = PBXFileReference; explicitFileType = wrapper.framework; path = ZZImageSlider.framework; sourceTree = BUILT_PRODUCTS_DIR; };
		046C1917257BDC7600D1DD09 /* 2.jpg */ = {isa = PBXFileReference; lastKnownFileType = image.jpeg; path = 2.jpg; sourceTree = "<group>"; };
		046C1918257BDC7600D1DD09 /* 3.jpg */ = {isa = PBXFileReference; lastKnownFileType = image.jpeg; path = 3.jpg; sourceTree = "<group>"; };
		046C1919257BDC7600D1DD09 /* 5.jpg */ = {isa = PBXFileReference; lastKnownFileType = image.jpeg; path = 5.jpg; sourceTree = "<group>"; };
		046C191D257BDFC600D1DD09 /* 1.jpg */ = {isa = PBXFileReference; lastKnownFileType = image.jpeg; path = 1.jpg; sourceTree = "<group>"; };
		046C191F257BDFE500D1DD09 /* 4.jpg */ = {isa = PBXFileReference; lastKnownFileType = image.jpeg; path = 4.jpg; sourceTree = "<group>"; };
		049383AF2577D96E003CE013 /* ZZImageSlider-Example.app */ = {isa = PBXFileReference; explicitFileType = wrapper.application; includeInIndex = 0; path = "ZZImageSlider-Example.app"; sourceTree = BUILT_PRODUCTS_DIR; };
		049383B22577D96E003CE013 /* AppDelegate.swift */ = {isa = PBXFileReference; lastKnownFileType = sourcecode.swift; path = AppDelegate.swift; sourceTree = "<group>"; };
		049383B42577D96E003CE013 /* SceneDelegate.swift */ = {isa = PBXFileReference; lastKnownFileType = sourcecode.swift; path = SceneDelegate.swift; sourceTree = "<group>"; };
		049383B62577D96E003CE013 /* ViewController.swift */ = {isa = PBXFileReference; lastKnownFileType = sourcecode.swift; path = ViewController.swift; sourceTree = "<group>"; };
		049383B92577D96E003CE013 /* Base */ = {isa = PBXFileReference; lastKnownFileType = file.storyboard; name = Base; path = Base.lproj/Main.storyboard; sourceTree = "<group>"; };
		049383BB2577D96F003CE013 /* Assets.xcassets */ = {isa = PBXFileReference; lastKnownFileType = folder.assetcatalog; path = Assets.xcassets; sourceTree = "<group>"; };
		049383BE2577D96F003CE013 /* Base */ = {isa = PBXFileReference; lastKnownFileType = file.storyboard; name = Base; path = Base.lproj/LaunchScreen.storyboard; sourceTree = "<group>"; };
		049383C02577D96F003CE013 /* Info.plist */ = {isa = PBXFileReference; lastKnownFileType = text.plist.xml; path = Info.plist; sourceTree = "<group>"; };
		049383C82577D99D003CE013 /* ZZSlider.framework */ = {isa = PBXFileReference; explicitFileType = wrapper.framework; path = ZZSlider.framework; sourceTree = BUILT_PRODUCTS_DIR; };
		27CAEEDF908284EBFEC13444 /* Pods_ZZImageSlider_Example.framework */ = {isa = PBXFileReference; explicitFileType = wrapper.framework; includeInIndex = 0; path = Pods_ZZImageSlider_Example.framework; sourceTree = BUILT_PRODUCTS_DIR; };
		AEBCA24018EFF8AEC432CFDC /* Pods-ZZImageSlider-Example.debug.xcconfig */ = {isa = PBXFileReference; includeInIndex = 1; lastKnownFileType = text.xcconfig; name = "Pods-ZZImageSlider-Example.debug.xcconfig"; path = "Target Support Files/Pods-ZZImageSlider-Example/Pods-ZZImageSlider-Example.debug.xcconfig"; sourceTree = "<group>"; };
		CA6C92B36A9BCC448020E3B6 /* Pods-ZZImageSlider-Example.release.xcconfig */ = {isa = PBXFileReference; includeInIndex = 1; lastKnownFileType = text.xcconfig; name = "Pods-ZZImageSlider-Example.release.xcconfig"; path = "Target Support Files/Pods-ZZImageSlider-Example/Pods-ZZImageSlider-Example.release.xcconfig"; sourceTree = "<group>"; };
/* End PBXFileReference section */

/* Begin PBXFrameworksBuildPhase section */
		049383AC2577D96E003CE013 /* Frameworks */ = {
			isa = PBXFrameworksBuildPhase;
			buildActionMask = 2147483647;
			files = (
				55EF98951E29F3766FFAE869 /* Pods_ZZImageSlider_Example.framework in Frameworks */,
			);
			runOnlyForDeploymentPostprocessing = 0;
		};
/* End PBXFrameworksBuildPhase section */

/* Begin PBXGroup section */
		049383A62577D96E003CE013 = {
			isa = PBXGroup;
			children = (
				049383B12577D96E003CE013 /* ZZImageSlider-Example */,
				049383B02577D96E003CE013 /* Products */,
				049383C72577D99D003CE013 /* Frameworks */,
				AB3FBBB12F9805CEEC2D59F7 /* Pods */,
			);
			sourceTree = "<group>";
		};
		049383B02577D96E003CE013 /* Products */ = {
			isa = PBXGroup;
			children = (
				049383AF2577D96E003CE013 /* ZZImageSlider-Example.app */,
			);
			name = Products;
			sourceTree = "<group>";
		};
		049383B12577D96E003CE013 /* ZZImageSlider-Example */ = {
			isa = PBXGroup;
			children = (
				046C191D257BDFC600D1DD09 /* 1.jpg */,
				046C1917257BDC7600D1DD09 /* 2.jpg */,
				046C1918257BDC7600D1DD09 /* 3.jpg */,
				046C191F257BDFE500D1DD09 /* 4.jpg */,
				046C1919257BDC7600D1DD09 /* 5.jpg */,
				049383B22577D96E003CE013 /* AppDelegate.swift */,
				049383B42577D96E003CE013 /* SceneDelegate.swift */,
				049383B62577D96E003CE013 /* ViewController.swift */,
				049383B82577D96E003CE013 /* Main.storyboard */,
				049383BB2577D96F003CE013 /* Assets.xcassets */,
				049383BD2577D96F003CE013 /* LaunchScreen.storyboard */,
				049383C02577D96F003CE013 /* Info.plist */,
			);
			path = "ZZImageSlider-Example";
			sourceTree = "<group>";
		};
		049383C72577D99D003CE013 /* Frameworks */ = {
			isa = PBXGroup;
			children = (
				0461AF2D257D3341005737A8 /* ZZImageSlider.framework */,
				049383C82577D99D003CE013 /* ZZSlider.framework */,
				27CAEEDF908284EBFEC13444 /* Pods_ZZImageSlider_Example.framework */,
			);
			name = Frameworks;
			sourceTree = "<group>";
		};
		AB3FBBB12F9805CEEC2D59F7 /* Pods */ = {
			isa = PBXGroup;
			children = (
				AEBCA24018EFF8AEC432CFDC /* Pods-ZZImageSlider-Example.debug.xcconfig */,
				CA6C92B36A9BCC448020E3B6 /* Pods-ZZImageSlider-Example.release.xcconfig */,
			);
			path = Pods;
			sourceTree = "<group>";
		};
/* End PBXGroup section */

/* Begin PBXNativeTarget section */
		049383AE2577D96E003CE013 /* ZZImageSlider-Example */ = {
			isa = PBXNativeTarget;
			buildConfigurationList = 049383C32577D96F003CE013 /* Build configuration list for PBXNativeTarget "ZZImageSlider-Example" */;
			buildPhases = (
				DC94651EFC02AE3E5A2EC047 /* [CP] Check Pods Manifest.lock */,
				049383AB2577D96E003CE013 /* Sources */,
				049383AC2577D96E003CE013 /* Frameworks */,
				049383AD2577D96E003CE013 /* Resources */,
				34A31D362B5F8275A8D8CFD1 /* [CP] Embed Pods Frameworks */,
			);
			buildRules = (
			);
			dependencies = (
			);
			name = "ZZImageSlider-Example";
			productName = "ZZSlider-Example";
			productReference = 049383AF2577D96E003CE013 /* ZZImageSlider-Example.app */;
			productType = "com.apple.product-type.application";
		};
/* End PBXNativeTarget section */

/* Begin PBXProject section */
		049383A72577D96E003CE013 /* Project object */ = {
			isa = PBXProject;
			attributes = {
				LastSwiftUpdateCheck = 1210;
				LastUpgradeCheck = 1210;
				TargetAttributes = {
					049383AE2577D96E003CE013 = {
						CreatedOnToolsVersion = 12.1;
					};
				};
			};
			buildConfigurationList = 049383AA2577D96E003CE013 /* Build configuration list for PBXProject "ZZImageSlider-Example" */;
			compatibilityVersion = "Xcode 9.3";
			developmentRegion = en;
			hasScannedForEncodings = 0;
			knownRegions = (
				en,
				Base,
			);
			mainGroup = 049383A62577D96E003CE013;
			productRefGroup = 049383B02577D96E003CE013 /* Products */;
			projectDirPath = "";
			projectRoot = "";
			targets = (
				049383AE2577D96E003CE013 /* ZZImageSlider-Example */,
			);
		};
/* End PBXProject section */

/* Begin PBXResourcesBuildPhase section */
		049383AD2577D96E003CE013 /* Resources */ = {
			isa = PBXResourcesBuildPhase;
			buildActionMask = 2147483647;
			files = (
				046C1920257BDFE500D1DD09 /* 4.jpg in Resources */,
				046C191B257BDC7600D1DD09 /* 3.jpg in Resources */,
				049383BF2577D96F003CE013 /* LaunchScreen.storyboard in Resources */,
				049383BC2577D96F003CE013 /* Assets.xcassets in Resources */,
				046C191C257BDC7600D1DD09 /* 5.jpg in Resources */,
				046C191A257BDC7600D1DD09 /* 2.jpg in Resources */,
				049383BA2577D96E003CE013 /* Main.storyboard in Resources */,
				046C191E257BDFC600D1DD09 /* 1.jpg in Resources */,
			);
			runOnlyForDeploymentPostprocessing = 0;
		};
/* End PBXResourcesBuildPhase section */

/* Begin PBXShellScriptBuildPhase section */
		34A31D362B5F8275A8D8CFD1 /* [CP] Embed Pods Frameworks */ = {
			isa = PBXShellScriptBuildPhase;
			buildActionMask = 2147483647;
			files = (
			);
			inputFileListPaths = (
				"${PODS_ROOT}/Target Support Files/Pods-ZZImageSlider-Example/Pods-ZZImageSlider-Example-frameworks-${CONFIGURATION}-input-files.xcfilelist",
			);
			name = "[CP] Embed Pods Frameworks";
			outputFileListPaths = (
				"${PODS_ROOT}/Target Support Files/Pods-ZZImageSlider-Example/Pods-ZZImageSlider-Example-frameworks-${CONFIGURATION}-output-files.xcfilelist",
			);
			runOnlyForDeploymentPostprocessing = 0;
			shellPath = /bin/sh;
			shellScript = "\"${PODS_ROOT}/Target Support Files/Pods-ZZImageSlider-Example/Pods-ZZImageSlider-Example-frameworks.sh\"\n";
			showEnvVarsInLog = 0;
		};
		DC94651EFC02AE3E5A2EC047 /* [CP] Check Pods Manifest.lock */ = {
			isa = PBXShellScriptBuildPhase;
			buildActionMask = 2147483647;
			files = (
			);
			inputFileListPaths = (
			);
			inputPaths = (
				"${PODS_PODFILE_DIR_PATH}/Podfile.lock",
				"${PODS_ROOT}/Manifest.lock",
			);
			name = "[CP] Check Pods Manifest.lock";
			outputFileListPaths = (
			);
			outputPaths = (
				"$(DERIVED_FILE_DIR)/Pods-ZZImageSlider-Example-checkManifestLockResult.txt",
			);
			runOnlyForDeploymentPostprocessing = 0;
			shellPath = /bin/sh;
			shellScript = "diff \"${PODS_PODFILE_DIR_PATH}/Podfile.lock\" \"${PODS_ROOT}/Manifest.lock\" > /dev/null\nif [ $? != 0 ] ; then\n    # print error to STDERR\n    echo \"error: The sandbox is not in sync with the Podfile.lock. Run 'pod install' or update your CocoaPods installation.\" >&2\n    exit 1\nfi\n# This output is used by Xcode 'outputs' to avoid re-running this script phase.\necho \"SUCCESS\" > \"${SCRIPT_OUTPUT_FILE_0}\"\n";
			showEnvVarsInLog = 0;
		};
/* End PBXShellScriptBuildPhase section */

/* Begin PBXSourcesBuildPhase section */
		049383AB2577D96E003CE013 /* Sources */ = {
			isa = PBXSourcesBuildPhase;
			buildActionMask = 2147483647;
			files = (
				049383B72577D96E003CE013 /* ViewController.swift in Sources */,
				049383B32577D96E003CE013 /* AppDelegate.swift in Sources */,
				049383B52577D96E003CE013 /* SceneDelegate.swift in Sources */,
			);
			runOnlyForDeploymentPostprocessing = 0;
		};
/* End PBXSourcesBuildPhase section */

/* Begin PBXVariantGroup section */
		049383B82577D96E003CE013 /* Main.storyboard */ = {
			isa = PBXVariantGroup;
			children = (
				049383B92577D96E003CE013 /* Base */,
			);
			name = Main.storyboard;
			sourceTree = "<group>";
		};
		049383BD2577D96F003CE013 /* LaunchScreen.storyboard */ = {
			isa = PBXVariantGroup;
			children = (
				049383BE2577D96F003CE013 /* Base */,
			);
			name = LaunchScreen.storyboard;
			sourceTree = "<group>";
		};
/* End PBXVariantGroup section */

/* Begin XCBuildConfiguration section */
		049383C12577D96F003CE013 /* Debug */ = {
			isa = XCBuildConfiguration;
			buildSettings = {
				ALWAYS_SEARCH_USER_PATHS = NO;
				CLANG_ANALYZER_NONNULL = YES;
				CLANG_ANALYZER_NUMBER_OBJECT_CONVERSION = YES_AGGRESSIVE;
				CLANG_CXX_LANGUAGE_STANDARD = "gnu++14";
				CLANG_CXX_LIBRARY = "libc++";
				CLANG_ENABLE_MODULES = YES;
				CLANG_ENABLE_OBJC_ARC = YES;
				CLANG_ENABLE_OBJC_WEAK = YES;
				CLANG_WARN_BLOCK_CAPTURE_AUTORELEASING = YES;
				CLANG_WARN_BOOL_CONVERSION = YES;
				CLANG_WARN_COMMA = YES;
				CLANG_WARN_CONSTANT_CONVERSION = YES;
				CLANG_WARN_DEPRECATED_OBJC_IMPLEMENTATIONS = YES;
				CLANG_WARN_DIRECT_OBJC_ISA_USAGE = YES_ERROR;
				CLANG_WARN_DOCUMENTATION_COMMENTS = YES;
				CLANG_WARN_EMPTY_BODY = YES;
				CLANG_WARN_ENUM_CONVERSION = YES;
				CLANG_WARN_INFINITE_RECURSION = YES;
				CLANG_WARN_INT_CONVERSION = YES;
				CLANG_WARN_NON_LITERAL_NULL_CONVERSION = YES;
				CLANG_WARN_OBJC_IMPLICIT_RETAIN_SELF = YES;
				CLANG_WARN_OBJC_LITERAL_CONVERSION = YES;
				CLANG_WARN_OBJC_ROOT_CLASS = YES_ERROR;
				CLANG_WARN_QUOTED_INCLUDE_IN_FRAMEWORK_HEADER = YES;
				CLANG_WARN_RANGE_LOOP_ANALYSIS = YES;
				CLANG_WARN_STRICT_PROTOTYPES = YES;
				CLANG_WARN_SUSPICIOUS_MOVE = YES;
				CLANG_WARN_UNGUARDED_AVAILABILITY = YES_AGGRESSIVE;
				CLANG_WARN_UNREACHABLE_CODE = YES;
				CLANG_WARN__DUPLICATE_METHOD_MATCH = YES;
				COPY_PHASE_STRIP = NO;
				DEBUG_INFORMATION_FORMAT = dwarf;
				ENABLE_STRICT_OBJC_MSGSEND = YES;
				ENABLE_TESTABILITY = YES;
				GCC_C_LANGUAGE_STANDARD = gnu11;
				GCC_DYNAMIC_NO_PIC = NO;
				GCC_NO_COMMON_BLOCKS = YES;
				GCC_OPTIMIZATION_LEVEL = 0;
				GCC_PREPROCESSOR_DEFINITIONS = (
					"DEBUG=1",
					"$(inherited)",
				);
				GCC_WARN_64_TO_32_BIT_CONVERSION = YES;
				GCC_WARN_ABOUT_RETURN_TYPE = YES_ERROR;
				GCC_WARN_UNDECLARED_SELECTOR = YES;
				GCC_WARN_UNINITIALIZED_AUTOS = YES_AGGRESSIVE;
				GCC_WARN_UNUSED_FUNCTION = YES;
				GCC_WARN_UNUSED_VARIABLE = YES;
				IPHONEOS_DEPLOYMENT_TARGET = 14.1;
				MTL_ENABLE_DEBUG_INFO = INCLUDE_SOURCE;
				MTL_FAST_MATH = YES;
				ONLY_ACTIVE_ARCH = YES;
				SDKROOT = iphoneos;
				SWIFT_ACTIVE_COMPILATION_CONDITIONS = DEBUG;
				SWIFT_OPTIMIZATION_LEVEL = "-Onone";
			};
			name = Debug;
		};
		049383C22577D96F003CE013 /* Release */ = {
			isa = XCBuildConfiguration;
			buildSettings = {
				ALWAYS_SEARCH_USER_PATHS = NO;
				CLANG_ANALYZER_NONNULL = YES;
				CLANG_ANALYZER_NUMBER_OBJECT_CONVERSION = YES_AGGRESSIVE;
				CLANG_CXX_LANGUAGE_STANDARD = "gnu++14";
				CLANG_CXX_LIBRARY = "libc++";
				CLANG_ENABLE_MODULES = YES;
				CLANG_ENABLE_OBJC_ARC = YES;
				CLANG_ENABLE_OBJC_WEAK = YES;
				CLANG_WARN_BLOCK_CAPTURE_AUTORELEASING = YES;
				CLANG_WARN_BOOL_CONVERSION = YES;
				CLANG_WARN_COMMA = YES;
				CLANG_WARN_CONSTANT_CONVERSION = YES;
				CLANG_WARN_DEPRECATED_OBJC_IMPLEMENTATIONS = YES;
				CLANG_WARN_DIRECT_OBJC_ISA_USAGE = YES_ERROR;
				CLANG_WARN_DOCUMENTATION_COMMENTS = YES;
				CLANG_WARN_EMPTY_BODY = YES;
				CLANG_WARN_ENUM_CONVERSION = YES;
				CLANG_WARN_INFINITE_RECURSION = YES;
				CLANG_WARN_INT_CONVERSION = YES;
				CLANG_WARN_NON_LITERAL_NULL_CONVERSION = YES;
				CLANG_WARN_OBJC_IMPLICIT_RETAIN_SELF = YES;
				CLANG_WARN_OBJC_LITERAL_CONVERSION = YES;
				CLANG_WARN_OBJC_ROOT_CLASS = YES_ERROR;
				CLANG_WARN_QUOTED_INCLUDE_IN_FRAMEWORK_HEADER = YES;
				CLANG_WARN_RANGE_LOOP_ANALYSIS = YES;
				CLANG_WARN_STRICT_PROTOTYPES = YES;
				CLANG_WARN_SUSPICIOUS_MOVE = YES;
				CLANG_WARN_UNGUARDED_AVAILABILITY = YES_AGGRESSIVE;
				CLANG_WARN_UNREACHABLE_CODE = YES;
				CLANG_WARN__DUPLICATE_METHOD_MATCH = YES;
				COPY_PHASE_STRIP = NO;
				DEBUG_INFORMATION_FORMAT = "dwarf-with-dsym";
				ENABLE_NS_ASSERTIONS = NO;
				ENABLE_STRICT_OBJC_MSGSEND = YES;
				GCC_C_LANGUAGE_STANDARD = gnu11;
				GCC_NO_COMMON_BLOCKS = YES;
				GCC_WARN_64_TO_32_BIT_CONVERSION = YES;
				GCC_WARN_ABOUT_RETURN_TYPE = YES_ERROR;
				GCC_WARN_UNDECLARED_SELECTOR = YES;
				GCC_WARN_UNINITIALIZED_AUTOS = YES_AGGRESSIVE;
				GCC_WARN_UNUSED_FUNCTION = YES;
				GCC_WARN_UNUSED_VARIABLE = YES;
				IPHONEOS_DEPLOYMENT_TARGET = 14.1;
				MTL_ENABLE_DEBUG_INFO = NO;
				MTL_FAST_MATH = YES;
				SDKROOT = iphoneos;
				SWIFT_COMPILATION_MODE = wholemodule;
				SWIFT_OPTIMIZATION_LEVEL = "-O";
				VALIDATE_PRODUCT = YES;
			};
			name = Release;
		};
		049383C42577D96F003CE013 /* Debug */ = {
			isa = XCBuildConfiguration;
			baseConfigurationReference = AEBCA24018EFF8AEC432CFDC /* Pods-ZZImageSlider-Example.debug.xcconfig */;
			buildSettings = {
				ASSETCATALOG_COMPILER_APPICON_NAME = AppIcon;
				ASSETCATALOG_COMPILER_GLOBAL_ACCENT_COLOR_NAME = AccentColor;
				CODE_SIGN_STYLE = Automatic;
				DEVELOPMENT_TEAM = R247K7BZAZ;
				INFOPLIST_FILE = "$(SRCROOT)/ZZImageSlider-Example/Info.plist";
				LD_RUNPATH_SEARCH_PATHS = (
					"$(inherited)",
					"@executable_path/Frameworks",
				);
				PRODUCT_BUNDLE_IDENTIFIER = "com.zzmasoud.ZZImageSlider-Example";
				PRODUCT_NAME = "$(TARGET_NAME)";
				SWIFT_VERSION = 5.0;
				TARGETED_DEVICE_FAMILY = "1,2";
			};
			name = Debug;
		};
		049383C52577D96F003CE013 /* Release */ = {
			isa = XCBuildConfiguration;
			baseConfigurationReference = CA6C92B36A9BCC448020E3B6 /* Pods-ZZImageSlider-Example.release.xcconfig */;
			buildSettings = {
				ASSETCATALOG_COMPILER_APPICON_NAME = AppIcon;
				ASSETCATALOG_COMPILER_GLOBAL_ACCENT_COLOR_NAME = AccentColor;
				CODE_SIGN_STYLE = Automatic;
				DEVELOPMENT_TEAM = R247K7BZAZ;
				INFOPLIST_FILE = "$(SRCROOT)/ZZImageSlider-Example/Info.plist";
				LD_RUNPATH_SEARCH_PATHS = (
					"$(inherited)",
					"@executable_path/Frameworks",
				);
				PRODUCT_BUNDLE_IDENTIFIER = "com.zzmasoud.ZZImageSlider-Example";
				PRODUCT_NAME = "$(TARGET_NAME)";
				SWIFT_VERSION = 5.0;
				TARGETED_DEVICE_FAMILY = "1,2";
			};
			name = Release;
		};
/* End XCBuildConfiguration section */

/* Begin XCConfigurationList section */
		049383AA2577D96E003CE013 /* Build configuration list for PBXProject "ZZImageSlider-Example" */ = {
			isa = XCConfigurationList;
			buildConfigurations = (
				049383C12577D96F003CE013 /* Debug */,
				049383C22577D96F003CE013 /* Release */,
			);
			defaultConfigurationIsVisible = 0;
			defaultConfigurationName = Release;
		};
		049383C32577D96F003CE013 /* Build configuration list for PBXNativeTarget "ZZImageSlider-Example" */ = {
			isa = XCConfigurationList;
			buildConfigurations = (
				049383C42577D96F003CE013 /* Debug */,
				049383C52577D96F003CE013 /* Release */,
			);
			defaultConfigurationIsVisible = 0;
			defaultConfigurationName = Release;
		};
/* End XCConfigurationList section */
	};
	rootObject = 049383A72577D96E003CE013 /* Project object */;
}
